Microsoft Visual Studio Solution File, Format Version 12.00
# Visual Studio Version 17
VisualStudioVersion = 17.0.31903.59
MinimumVisualStudioVersion = 10.0.40219.1
Project("{FAE04EC0-301F-11D3-BF4B-00C04F79EFBC}") = "RdpMan.Desktop", "src\RdpMan.Desktop\RdpMan.Desktop.csproj", "{F830572D-DF2D-4A08-8CB5-B3974C94D6F7}"
EndProject
Global
	GlobalSection(SolutionConfigurationPlatforms) = preSolution
		Debug|Any CPU = Debug|Any CPU
		Release|Any CPU = Release|Any CPU
	EndGlobalSection
	GlobalSection(ProjectConfigurationPlatforms) = postSolution
		{F830572D-DF2D-4A08-8CB5-B3974C94D6F7}.Debug|Any CPU.ActiveCfg = Debug|Any CPU
		{F830572D-DF2D-4A08-8CB5-B3974C94D6F7}.Debug|Any CPU.Build.0 = Debug|Any CPU
		{F830572D-DF2D-4A08-8CB5-B3974C94D6F7}.Release|Any CPU.ActiveCfg = Release|Any CPU
		{F830572D-DF2D-4A08-8CB5-B3974C94D6F7}.Release|Any CPU.Build.0 = Release|Any CPU
	EndGlobalSection
EndGlobal

